
Microsoft Visual Studio Solution File, Format Version 12.00
# Visual Studio 15
VisualStudioVersion = 15.0.26124.0
MinimumVisualStudioVersion = 15.0.26124.0
Project("{2150E333-8FDC-42A3-9474-1A3956D46DE8}") = "src", "src", "{7E878A8B-E23D-40F8-9B60-E43D9CDFB5C3}"
EndProject
Project("{FAE04EC0-301F-11D3-BF4B-00C04F79EFBC}") = "GradeBook", "src\GradeBook\GradeBook.csproj", "{090446AB-400E-42F4-8FC3-44729E0EAB37}"
EndProject
Project("{2150E333-8FDC-42A3-9474-1A3956D46DE8}") = "test", "test", "{1DFF3C43-D2E9-4ADC-9279-8ED241E79E61}"
EndProject
Project("{FAE04EC0-301F-11D3-BF4B-00C04F79EFBC}") = "GradeBook.Tests", "test\GradeBook.Tests\GradeBook.Tests.csproj", "{F36F96D0-82ED-4C03-A75A-DDA5982AEB8F}"
EndProject
Global
	GlobalSection(SolutionConfigurationPlatforms) = preSolution
		Debug|Any CPU = Debug|Any CPU
		Debug|x64 = Debug|x64
		Debug|x86 = Debug|x86
		Release|Any CPU = Release|Any CPU
		Release|x64 = Release|x64
		Release|x86 = Release|x86
	EndGlobalSection
	GlobalSection(SolutionProperties) = preSolution
		HideSolutionNode = FALSE
	EndGlobalSection
	GlobalSection(ProjectConfigurationPlatforms) = postSolution
		{090446AB-400E-42F4-8FC3-44729E0EAB37}.Debug|Any CPU.ActiveCfg = Debug|Any CPU
		{090446AB-400E-42F4-8FC3-44729E0EAB37}.Debug|Any CPU.Build.0 = Debug|Any CPU
		{090446AB-400E-42F4-8FC3-44729E0EAB37}.Debug|x64.ActiveCfg = Debug|Any CPU
		{090446AB-400E-42F4-8FC3-44729E0EAB37}.Debug|x64.Build.0 = Debug|Any CPU
		{090446AB-400E-42F4-8FC3-44729E0EAB37}.Debug|x86.ActiveCfg = Debug|Any CPU
		{090446AB-400E-42F4-8FC3-44729E0EAB37}.Debug|x86.Build.0 = Debug|Any CPU
		{090446AB-400E-42F4-8FC3-44729E0EAB37}.Release|Any CPU.ActiveCfg = Release|Any CPU
		{090446AB-400E-42F4-8FC3-44729E0EAB37}.Release|Any CPU.Build.0 = Release|Any CPU
		{090446AB-400E-42F4-8FC3-44729E0EAB37}.Release|x64.ActiveCfg = Release|Any CPU
		{090446AB-400E-42F4-8FC3-44729E0EAB37}.Release|x64.Build.0 = Release|Any CPU
		{090446AB-400E-42F4-8FC3-44729E0EAB37}.Release|x86.ActiveCfg = Release|Any CPU
		{090446AB-400E-42F4-8FC3-44729E0EAB37}.Release|x86.Build.0 = Release|Any CPU
		{F36F96D0-82ED-4C03-A75A-DDA5982AEB8F}.Debug|Any CPU.ActiveCfg = Debug|Any CPU
		{F36F96D0-82ED-4C03-A75A-DDA5982AEB8F}.Debug|Any CPU.Build.0 = Debug|Any CPU
		{F36F96D0-82ED-4C03-A75A-DDA5982AEB8F}.Debug|x64.ActiveCfg = Debug|Any CPU
		{F36F96D0-82ED-4C03-A75A-DDA5982AEB8F}.Debug|x64.Build.0 = Debug|Any CPU
		{F36F96D0-82ED-4C03-A75A-DDA5982AEB8F}.Debug|x86.ActiveCfg = Debug|Any CPU
		{F36F96D0-82ED-4C03-A75A-DDA5982AEB8F}.Debug|x86.Build.0 = Debug|Any CPU
		{F36F96D0-82ED-4C03-A75A-DDA5982AEB8F}.Release|Any CPU.ActiveCfg = Release|Any CPU
		{F36F96D0-82ED-4C03-A75A-DDA5982AEB8F}.Release|Any CPU.Build.0 = Release|Any CPU
		{F36F96D0-82ED-4C03-A75A-DDA5982AEB8F}.Release|x64.ActiveCfg = Release|Any CPU
		{F36F96D0-82ED-4C03-A75A-DDA5982AEB8F}.Release|x64.Build.0 = Release|Any CPU
		{F36F96D0-82ED-4C03-A75A-DDA5982AEB8F}.Release|x86.ActiveCfg = Release|Any CPU
		{F36F96D0-82ED-4C03-A75A-DDA5982AEB8F}.Release|x86.Build.0 = Release|Any CPU
	EndGlobalSection
	GlobalSection(NestedProjects) = preSolution
		{090446AB-400E-42F4-8FC3-44729E0EAB37} = {7E878A8B-E23D-40F8-9B60-E43D9CDFB5C3}
		{F36F96D0-82ED-4C03-A75A-DDA5982AEB8F} = {1DFF3C43-D2E9-4ADC-9279-8ED241E79E61}
	EndGlobalSection
EndGlobal
